
Microsoft Visual Studio Solution File, Format Version 12.00
# Visual Studio Version 16
VisualStudioVersion = 16.0.31205.134
MinimumVisualStudioVersion = 10.0.40219.1
Project("{FAE04EC0-301F-11D3-BF4B-00C04F79EFBC}") = "Products", "Products\Products.csproj", "{B657B7AB-9CA3-4D37-BBAB-81C71DF2F0CF}"
EndProject
Global
	GlobalSection(SolutionConfigurationPlatforms) = preSolution
		Debug|Any CPU = Debug|Any CPU
		Release|Any CPU = Release|Any CPU
	EndGlobalSection
	GlobalSection(ProjectConfigurationPlatforms) = postSolution
		{B657B7AB-9CA3-4D37-BBAB-81C71DF2F0CF}.Debug|Any CPU.ActiveCfg = Debug|Any CPU
		{B657B7AB-9CA3-4D37-BBAB-81C71DF2F0CF}.Debug|Any CPU.Build.0 = Debug|Any CPU
		{B657B7AB-9CA3-4D37-BBAB-81C71DF2F0CF}.Release|Any CPU.ActiveCfg = Release|Any CPU
		{B657B7AB-9CA3-4D37-BBAB-81C71DF2F0CF}.Release|Any CPU.Build.0 = Release|Any CPU
	EndGlobalSection
	GlobalSection(SolutionProperties) = preSolution
		HideSolutionNode = FALSE
	EndGlobalSection
	GlobalSection(ExtensibilityGlobals) = postSolution
		SolutionGuid = {4BD9E524-DE65-458E-A90C-8F3817ED504B}
	EndGlobalSection
EndGlobal
